{
  "object": {
    "pins": [
      {
        "package": "GenericUtilities",
        "repositoryURL": "https://github.com/cristian064/GenericUtilities.git",
        "state": {
          "branch": "feature/req001",
          "revision": "c0883a34ea2eb6ffd97cfc323bd0a48a6efa15f0",
          "version": null
        }
      }
    ]
  },
  "version": 1
}
